{
  "requires": true,
  "lockfileVersion": 1,
  "dependencies": {
    "xterm": {
      "version": "3.14.1",
      "resolved": "https://registry.npmjs.org/xterm/-/xterm-3.14.1.tgz",
      "integrity": "sha512-T6ZPbOXoow1V6LPnmj+wQZrKOscbQFk2we9oPmal56ArdpCJPasyb+6DxgIkBaf56Pw1ariw/dN03OLMC4A9jQ=="
    }
  }
}
