
Microsoft Visual Studio Solution File, Format Version 12.00
# Visual Studio 2012
Project("{8BC9CEB8-8B4A-11D0-8D11-00A0C91BC942}") = "file2c", "file2c\file2c.vcxproj", "{16787B20-A841-4DC1-9C15-E6677A0D7342}"
EndProject
Global
	GlobalSection(SolutionConfigurationPlatforms) = preSolution
		Debug|Win32 = Debug|Win32
		Release|Win32 = Release|Win32
	EndGlobalSection
	GlobalSection(ProjectConfigurationPlatforms) = postSolution
		{16787B20-A841-4DC1-9C15-E6677A0D7342}.Debug|Win32.ActiveCfg = Debug|Win32
		{16787B20-A841-4DC1-9C15-E6677A0D7342}.Debug|Win32.Build.0 = Debug|Win32
		{16787B20-A841-4DC1-9C15-E6677A0D7342}.Debug|Win32.Deploy.0 = Debug|Win32
		{16787B20-A841-4DC1-9C15-E6677A0D7342}.Release|Win32.ActiveCfg = Release|Win32
		{16787B20-A841-4DC1-9C15-E6677A0D7342}.Release|Win32.Build.0 = Release|Win32
		{16787B20-A841-4DC1-9C15-E6677A0D7342}.Release|Win32.Deploy.0 = Release|Win32
	EndGlobalSection
	GlobalSection(SolutionProperties) = preSolution
		HideSolutionNode = FALSE
	EndGlobalSection
EndGlobal
