<?xml version="1.0" encoding="utf-8"?>
<Project ToolsVersion="4.0" xmlns="http://schemas.microsoft.com/developer/msbuild/2003">
  <ItemGroup>
    <Filter Include="Source Files">
      <UniqueIdentifier>{4FC737F1-C7A5-4376-A066-2A32D752A2FF}</UniqueIdentifier>
      <Extensions>cpp;c;cc;cxx;def;odl;idl;hpj;bat;asm;asmx</Extensions>
    </Filter>
    <Filter Include="Header Files">
      <UniqueIdentifier>{93995380-89BD-4b04-88EB-625FBE52EBFB}</UniqueIdentifier>
      <Extensions>h;hh;hpp;hxx;hm;inl;inc;xsd</Extensions>
    </Filter>
    <Filter Include="Resource Files">
      <UniqueIdentifier>{67DA6AB6-F800-4c08-8B7A-83BB121AAD01}</UniqueIdentifier>
      <Extensions>rc;ico;cur;bmp;dlg;rc2;rct;bin;rgs;gif;jpg;jpeg;jpe;resx;tiff;tif;png;wav;mfcribbon-ms</Extensions>
    </Filter>
  </ItemGroup>
  <ItemGroup>
    <ClCompile Include="..\py\argcheck.c">
      <Filter>Source Files</Filter>
    </ClCompile>
    <ClCompile Include="..\py\asmthumb.c">
      <Filter>Source Files</Filter>
    </ClCompile>
    <ClCompile Include="..\py\binary.c">
      <Filter>Source Files</Filter>
    </ClCompile>
    <ClCompile Include="..\py\builtin.c">
      <Filter>Source Files</Filter>
    </ClCompile>
    <ClCompile Include="..\py\builtinevex.c">
      <Filter>Source Files</Filter>
    </ClCompile>
    <ClCompile Include="..\py\builtinimport.c">
      <Filter>Source Files</Filter>
    </ClCompile>
    <ClCompile Include="..\py\builtintables.c">
      <Filter>Source Files</Filter>
    </ClCompile>
    <ClCompile Include="..\py\compile.c">
      <Filter>Source Files</Filter>
    </ClCompile>
    <ClCompile Include="..\py\emitbc.c">
      <Filter>Source Files</Filter>
    </ClCompile>
    <ClCompile Include="..\py\emitcommon.c">
      <Filter>Source Files</Filter>
    </ClCompile>
    <ClCompile Include="..\py\emitcpy.c">
      <Filter>Source Files</Filter>
    </ClCompile>
    <ClCompile Include="..\py\emitglue.c">
      <Filter>Source Files</Filter>
    </ClCompile>
    <ClCompile Include="..\py\emitinlinethumb.c">
      <Filter>Source Files</Filter>
    </ClCompile>
    <ClCompile Include="..\py\emitnative.c">
      <Filter>Source Files</Filter>
    </ClCompile>
    <ClCompile Include="..\py\emitpass1.c">
      <Filter>Source Files</Filter>
    </ClCompile>
    <ClCompile Include="..\py\formatfloat.c">
      <Filter>Source Files</Filter>
    </ClCompile>
    <ClCompile Include="..\py\gc.c">
      <Filter>Source Files</Filter>
    </ClCompile>
    <ClCompile Include="..\py\lexer.c">
      <Filter>Source Files</Filter>
    </ClCompile>
    <ClCompile Include="..\py\lexerstr.c">
      <Filter>Source Files</Filter>
    </ClCompile>
    <ClCompile Include="..\py\lexerunix.c">
      <Filter>Source Files</Filter>
    </ClCompile>
    <ClCompile Include="..\py\malloc.c">
      <Filter>Source Files</Filter>
    </ClCompile>
    <ClCompile Include="..\py\map.c">
      <Filter>Source Files</Filter>
    </ClCompile>
    <ClCompile Include="..\py\modarray.c">
      <Filter>Source Files</Filter>
    </ClCompile>
    <ClCompile Include="..\py\modcmath.c">
      <Filter>Source Files</Filter>
    </ClCompile>
    <ClCompile Include="..\py\modcollections.c">
      <Filter>Source Files</Filter>
    </ClCompile>
    <ClCompile Include="..\py\modio.c">
      <Filter>Source Files</Filter>
    </ClCompile>
    <ClCompile Include="..\py\modmath.c">
      <Filter>Source Files</Filter>
    </ClCompile>
    <ClCompile Include="..\py\modmicropython.c">
      <Filter>Source Files</Filter>
    </ClCompile>
    <ClCompile Include="..\py\modstruct.c">
      <Filter>Source Files</Filter>
    </ClCompile>
    <ClCompile Include="..\py\modsys.c">
      <Filter>Source Files</Filter>
    </ClCompile>
    <ClCompile Include="..\py\mpz.c">
      <Filter>Source Files</Filter>
    </ClCompile>
    <ClCompile Include="..\py\nlrsetjmp.c">
      <Filter>Source Files</Filter>
    </ClCompile>
    <ClCompile Include="..\py\obj.c">
      <Filter>Source Files</Filter>
    </ClCompile>
    <ClCompile Include="..\py\objarray.c">
      <Filter>Source Files</Filter>
    </ClCompile>
    <ClCompile Include="..\py\objbool.c">
      <Filter>Source Files</Filter>
    </ClCompile>
    <ClCompile Include="..\py\objboundmeth.c">
      <Filter>Source Files</Filter>
    </ClCompile>
    <ClCompile Include="..\py\objcell.c">
      <Filter>Source Files</Filter>
    </ClCompile>
    <ClCompile Include="..\py\objclosure.c">
      <Filter>Source Files</Filter>
    </ClCompile>
    <ClCompile Include="..\py\objcomplex.c">
      <Filter>Source Files</Filter>
    </ClCompile>
    <ClCompile Include="..\py\objdict.c">
      <Filter>Source Files</Filter>
    </ClCompile>
    <ClCompile Include="..\py\objenumerate.c">
      <Filter>Source Files</Filter>
    </ClCompile>
    <ClCompile Include="..\py\objexcept.c">
      <Filter>Source Files</Filter>
    </ClCompile>
    <ClCompile Include="..\py\objfilter.c">
      <Filter>Source Files</Filter>
    </ClCompile>
    <ClCompile Include="..\py\objfloat.c">
      <Filter>Source Files</Filter>
    </ClCompile>
    <ClCompile Include="..\py\objfun.c">
      <Filter>Source Files</Filter>
    </ClCompile>
    <ClCompile Include="..\py\objgenerator.c">
      <Filter>Source Files</Filter>
    </ClCompile>
    <ClCompile Include="..\py\objgetitemiter.c">
      <Filter>Source Files</Filter>
    </ClCompile>
    <ClCompile Include="..\py\objint.c">
      <Filter>Source Files</Filter>
    </ClCompile>
    <ClCompile Include="..\py\objint_longlong.c">
      <Filter>Source Files</Filter>
    </ClCompile>
    <ClCompile Include="..\py\objint_mpz.c">
      <Filter>Source Files</Filter>
    </ClCompile>
    <ClCompile Include="..\py\objlist.c">
      <Filter>Source Files</Filter>
    </ClCompile>
    <ClCompile Include="..\py\objmap.c">
      <Filter>Source Files</Filter>
    </ClCompile>
    <ClCompile Include="..\py\objmodule.c">
      <Filter>Source Files</Filter>
    </ClCompile>
    <ClCompile Include="..\py\objnamedtuple.c">
      <Filter>Source Files</Filter>
    </ClCompile>
    <ClCompile Include="..\py\objnone.c">
      <Filter>Source Files</Filter>
    </ClCompile>
    <ClCompile Include="..\py\objobject.c">
      <Filter>Source Files</Filter>
    </ClCompile>
    <ClCompile Include="..\py\objproperty.c">
      <Filter>Source Files</Filter>
    </ClCompile>
    <ClCompile Include="..\py\objrange.c">
      <Filter>Source Files</Filter>
    </ClCompile>
    <ClCompile Include="..\py\objset.c">
      <Filter>Source Files</Filter>
    </ClCompile>
    <ClCompile Include="..\py\objslice.c">
      <Filter>Source Files</Filter>
    </ClCompile>
    <ClCompile Include="..\py\objstr.c">
      <Filter>Source Files</Filter>
    </ClCompile>
    <ClCompile Include="..\py\objstringio.c">
      <Filter>Source Files</Filter>
    </ClCompile>
    <ClCompile Include="..\py\objtuple.c">
      <Filter>Source Files</Filter>
    </ClCompile>
    <ClCompile Include="..\py\objtype.c">
      <Filter>Source Files</Filter>
    </ClCompile>
    <ClCompile Include="..\py\objzip.c">
      <Filter>Source Files</Filter>
    </ClCompile>
    <ClCompile Include="..\py\opmethods.c">
      <Filter>Source Files</Filter>
    </ClCompile>
    <ClCompile Include="..\py\parse.c">
      <Filter>Source Files</Filter>
    </ClCompile>
    <ClCompile Include="..\py\parsehelper.c">
      <Filter>Source Files</Filter>
    </ClCompile>
    <ClCompile Include="..\py\parsenum.c">
      <Filter>Source Files</Filter>
    </ClCompile>
    <ClCompile Include="..\py\parsenumbase.c">
      <Filter>Source Files</Filter>
    </ClCompile>
    <ClCompile Include="..\py\pfenv.c">
      <Filter>Source Files</Filter>
    </ClCompile>
    <ClCompile Include="..\py\qstr.c">
      <Filter>Source Files</Filter>
    </ClCompile>
    <ClCompile Include="..\py\repl.c">
      <Filter>Source Files</Filter>
    </ClCompile>
    <ClCompile Include="..\py\runtime.c">
      <Filter>Source Files</Filter>
    </ClCompile>
    <ClCompile Include="..\py\scope.c">
      <Filter>Source Files</Filter>
    </ClCompile>
    <ClCompile Include="..\py\sequence.c">
      <Filter>Source Files</Filter>
    </ClCompile>
    <ClCompile Include="..\py\showbc.c">
      <Filter>Source Files</Filter>
    </ClCompile>
    <ClCompile Include="..\py\smallint.c">
      <Filter>Source Files</Filter>
    </ClCompile>
    <ClCompile Include="..\py\stream.c">
      <Filter>Source Files</Filter>
    </ClCompile>
    <ClCompile Include="..\py\unicode.c">
      <Filter>Source Files</Filter>
    </ClCompile>
    <ClCompile Include="..\py\vm.c">
      <Filter>Source Files</Filter>
    </ClCompile>
    <ClCompile Include="..\py\vstr.c">
      <Filter>Source Files</Filter>
    </ClCompile>
    <ClCompile Include="..\unix\main.c">
      <Filter>Source Files</Filter>
    </ClCompile>
    <ClCompile Include="..\unix\file.c">
      <Filter>Source Files</Filter>
    </ClCompile>
    <ClCompile Include="..\unix\gccollect.c">
      <Filter>Source Files</Filter>
    </ClCompile>
  </ItemGroup>
  <ItemGroup>
    <ClInclude Include="..\py\asmthumb.h">
      <Filter>Header Files</Filter>
    </ClInclude>
    <ClInclude Include="..\py\bc.h">
      <Filter>Header Files</Filter>
    </ClInclude>
    <ClInclude Include="..\py\bc0.h">
      <Filter>Header Files</Filter>
    </ClInclude>
    <ClInclude Include="..\py\binary.h">
      <Filter>Header Files</Filter>
    </ClInclude>
    <ClInclude Include="..\py\builtin.h">
      <Filter>Header Files</Filter>
    </ClInclude>
    <ClInclude Include="..\py\builtintables.h">
      <Filter>Header Files</Filter>
    </ClInclude>
    <ClInclude Include="..\py\compile.h">
      <Filter>Header Files</Filter>
    </ClInclude>
    <ClInclude Include="..\py\emit.h">
      <Filter>Header Files</Filter>
    </ClInclude>
    <ClInclude Include="..\py\emitglue.h">
      <Filter>Header Files</Filter>
    </ClInclude>
    <ClInclude Include="..\py\formatfloat.h">
      <Filter>Header Files</Filter>
    </ClInclude>
    <ClInclude Include="..\py\gc.h">
      <Filter>Header Files</Filter>
    </ClInclude>
    <ClInclude Include="..\py\grammar.h">
      <Filter>Header Files</Filter>
    </ClInclude>
    <ClInclude Include="..\py\lexer.h">
      <Filter>Header Files</Filter>
    </ClInclude>
    <ClInclude Include="..\py\lexerunix.h">
      <Filter>Header Files</Filter>
    </ClInclude>
    <ClInclude Include="..\py\misc.h">
      <Filter>Header Files</Filter>
    </ClInclude>
    <ClInclude Include="..\py\mpconfig.h">
      <Filter>Header Files</Filter>
    </ClInclude>
    <ClInclude Include="..\py\mpz.h">
      <Filter>Header Files</Filter>
    </ClInclude>
    <ClInclude Include="..\py\nlr.h">
      <Filter>Header Files</Filter>
    </ClInclude>
    <ClInclude Include="..\py\obj.h">
      <Filter>Header Files</Filter>
    </ClInclude>
    <ClInclude Include="..\py\objarray.h">
      <Filter>Header Files</Filter>
    </ClInclude>
    <ClInclude Include="..\py\objfun.h">
      <Filter>Header Files</Filter>
    </ClInclude>
    <ClInclude Include="..\py\objgenerator.h">
      <Filter>Header Files</Filter>
    </ClInclude>
    <ClInclude Include="..\py\objint.h">
      <Filter>Header Files</Filter>
    </ClInclude>
    <ClInclude Include="..\py\objlist.h">
      <Filter>Header Files</Filter>
    </ClInclude>
    <ClInclude Include="..\py\objmodule.h">
      <Filter>Header Files</Filter>
    </ClInclude>
    <ClInclude Include="..\py\objstr.h">
      <Filter>Header Files</Filter>
    </ClInclude>
    <ClInclude Include="..\py\objtuple.h">
      <Filter>Header Files</Filter>
    </ClInclude>
    <ClInclude Include="..\py\parse.h">
      <Filter>Header Files</Filter>
    </ClInclude>
    <ClInclude Include="..\py\parsehelper.h">
      <Filter>Header Files</Filter>
    </ClInclude>
    <ClInclude Include="..\py\parsenum.h">
      <Filter>Header Files</Filter>
    </ClInclude>
    <ClInclude Include="..\py\parsenumbase.h">
      <Filter>Header Files</Filter>
    </ClInclude>
    <ClInclude Include="..\py\pfenv.h">
      <Filter>Header Files</Filter>
    </ClInclude>
    <ClInclude Include="..\py\qstr.h">
      <Filter>Header Files</Filter>
    </ClInclude>
    <ClInclude Include="..\py\qstrdefs.h">
      <Filter>Header Files</Filter>
    </ClInclude>
    <ClInclude Include="..\py\repl.h">
      <Filter>Header Files</Filter>
    </ClInclude>
    <ClInclude Include="..\py\runtime.h">
      <Filter>Header Files</Filter>
    </ClInclude>
    <ClInclude Include="..\py\runtime0.h">
      <Filter>Header Files</Filter>
    </ClInclude>
    <ClInclude Include="..\py\scope.h">
      <Filter>Header Files</Filter>
    </ClInclude>
    <ClInclude Include="..\py\smallint.h">
      <Filter>Header Files</Filter>
    </ClInclude>
    <ClInclude Include="..\py\stream.h">
      <Filter>Header Files</Filter>
    </ClInclude>
    <ClInclude Include="..\py\vmentrytable.h">
      <Filter>Header Files</Filter>
    </ClInclude>
  </ItemGroup>
</Project>